
Microsoft Visual Studio Solution File, Format Version 12.00
# Visual Studio 15
VisualStudioVersion = 15.0.27130.2024
MinimumVisualStudioVersion = 10.0.40219.1
Project("{FAE04EC0-301F-11D3-BF4B-00C04F79EFBC}") = "1_1", "1_1\1_1.csproj", "{9F36FEE0-C773-4D3D-A004-994EF3F72FED}"
EndProject
Global
	GlobalSection(SolutionConfigurationPlatforms) = preSolution
		Debug|Any CPU = Debug|Any CPU
		Release|Any CPU = Release|Any CPU
	EndGlobalSection
	GlobalSection(ProjectConfigurationPlatforms) = postSolution
		{9F36FEE0-C773-4D3D-A004-994EF3F72FED}.Debug|Any CPU.ActiveCfg = Debug|Any CPU
		{9F36FEE0-C773-4D3D-A004-994EF3F72FED}.Debug|Any CPU.Build.0 = Debug|Any CPU
		{9F36FEE0-C773-4D3D-A004-994EF3F72FED}.Release|Any CPU.ActiveCfg = Release|Any CPU
		{9F36FEE0-C773-4D3D-A004-994EF3F72FED}.Release|Any CPU.Build.0 = Release|Any CPU
	EndGlobalSection
	GlobalSection(SolutionProperties) = preSolution
		HideSolutionNode = FALSE
	EndGlobalSection
	GlobalSection(ExtensibilityGlobals) = postSolution
		SolutionGuid = {2CC5E325-63F8-4868-B5E7-B1213EAD7668}
	EndGlobalSection
EndGlobal
